
Microsoft Visual Studio Solution File, Format Version 12.00
# Visual Studio Version 16
VisualStudioVersion = 16.0.31624.102
MinimumVisualStudioVersion = 10.0.40219.1
Project("{FAE04EC0-301F-11D3-BF4B-00C04F79EFBC}") = "THUCHANH1(WINDOWS)", "THUCHANH1(WINDOWS).csproj", "{B3B7E23E-58C6-4F2E-A829-12A3AC745C4B}"
EndProject
Global
	GlobalSection(SolutionConfigurationPlatforms) = preSolution
		Debug|Any CPU = Debug|Any CPU
		Release|Any CPU = Release|Any CPU
	EndGlobalSection
	GlobalSection(ProjectConfigurationPlatforms) = postSolution
		{B3B7E23E-58C6-4F2E-A829-12A3AC745C4B}.Debug|Any CPU.ActiveCfg = Debug|Any CPU
		{B3B7E23E-58C6-4F2E-A829-12A3AC745C4B}.Debug|Any CPU.Build.0 = Debug|Any CPU
		{B3B7E23E-58C6-4F2E-A829-12A3AC745C4B}.Release|Any CPU.ActiveCfg = Release|Any CPU
		{B3B7E23E-58C6-4F2E-A829-12A3AC745C4B}.Release|Any CPU.Build.0 = Release|Any CPU
	EndGlobalSection
	GlobalSection(SolutionProperties) = preSolution
		HideSolutionNode = FALSE
	EndGlobalSection
	GlobalSection(ExtensibilityGlobals) = postSolution
		SolutionGuid = {66733E48-E883-44EB-8522-B3872A3C92B9}
	EndGlobalSection
EndGlobal
